
Microsoft Visual Studio Solution File, Format Version 12.00
# Visual Studio Version 17
VisualStudioVersion = 17.1.32421.90
MinimumVisualStudioVersion = 10.0.40219.1
Project("{9A19103F-16F7-4668-BE54-9A1E7A4F7556}") = "Toolbox", "Toolbox\Toolbox.csproj", "{D3BF6D17-8E7F-4017-93A5-3FCF6BD7C35B}"
EndProject
Project("{FAE04EC0-301F-11D3-BF4B-00C04F79EFBC}") = "Toolbox.Tests", "Toolbox.Tests\Toolbox.Tests.csproj", "{068E0CEA-A731-4D5A-8BE0-C450FB9F8953}"
EndProject
Global
	GlobalSection(SolutionConfigurationPlatforms) = preSolution
		Debug|Any CPU = Debug|Any CPU
		Release|Any CPU = Release|Any CPU
	EndGlobalSection
	GlobalSection(ProjectConfigurationPlatforms) = postSolution
		{D3BF6D17-8E7F-4017-93A5-3FCF6BD7C35B}.Debug|Any CPU.ActiveCfg = Debug|Any CPU
		{D3BF6D17-8E7F-4017-93A5-3FCF6BD7C35B}.Debug|Any CPU.Build.0 = Debug|Any CPU
		{D3BF6D17-8E7F-4017-93A5-3FCF6BD7C35B}.Release|Any CPU.ActiveCfg = Release|Any CPU
		{D3BF6D17-8E7F-4017-93A5-3FCF6BD7C35B}.Release|Any CPU.Build.0 = Release|Any CPU
		{068E0CEA-A731-4D5A-8BE0-C450FB9F8953}.Debug|Any CPU.ActiveCfg = Debug|Any CPU
		{068E0CEA-A731-4D5A-8BE0-C450FB9F8953}.Debug|Any CPU.Build.0 = Debug|Any CPU
		{068E0CEA-A731-4D5A-8BE0-C450FB9F8953}.Release|Any CPU.ActiveCfg = Release|Any CPU
		{068E0CEA-A731-4D5A-8BE0-C450FB9F8953}.Release|Any CPU.Build.0 = Release|Any CPU
	EndGlobalSection
	GlobalSection(SolutionProperties) = preSolution
		HideSolutionNode = FALSE
	EndGlobalSection
	GlobalSection(ExtensibilityGlobals) = postSolution
		SolutionGuid = {C97EBEBF-614A-434E-8D2F-D305B1565256}
	EndGlobalSection
EndGlobal
